# THIS IS AN AUTOGENERATED FILE. DO NOT EDIT THIS FILE DIRECTLY.
# yarn lockfile v1


cz-git@^1.4.1:
  version "1.4.1"
  resolved "https://registry.npmmirror.com/cz-git/-/cz-git-1.4.1.tgz#c0f1daa3864afe2581c5dcdcb8e47987a6f49d11"
  integrity sha512-EOtuitcnfxde8t3NNTKh2YxEJhLXGiVlKSVaZipK3+DVo135rEUifAfqxkslM66Nf6ZO7a+3JR+XAOLhMXUAjQ==
